
Microsoft Visual Studio Solution File, Format Version 12.00
# Visual Studio Version 16
VisualStudioVersion = 16.0.30204.135
MinimumVisualStudioVersion = 10.0.40219.1
Project("{FAE04EC0-301F-11D3-BF4B-00C04F79EFBC}") = "Library", "Library.csproj", "{1A6E1F25-F65B-4ED2-B630-A85038FA4A56}"
EndProject
Project("{FAE04EC0-301F-11D3-BF4B-00C04F79EFBC}") = "UnitTests", "..\UnitTests\UnitTests.csproj", "{D45AEBC6-7628-4093-9613-4CB55D742857}"
EndProject
Global
	GlobalSection(SolutionConfigurationPlatforms) = preSolution
		Debug|Any CPU = Debug|Any CPU
		Release|Any CPU = Release|Any CPU
	EndGlobalSection
	GlobalSection(ProjectConfigurationPlatforms) = postSolution
		{1A6E1F25-F65B-4ED2-B630-A85038FA4A56}.Debug|Any CPU.ActiveCfg = Debug|Any CPU
		{1A6E1F25-F65B-4ED2-B630-A85038FA4A56}.Debug|Any CPU.Build.0 = Debug|Any CPU
		{1A6E1F25-F65B-4ED2-B630-A85038FA4A56}.Release|Any CPU.ActiveCfg = Release|Any CPU
		{1A6E1F25-F65B-4ED2-B630-A85038FA4A56}.Release|Any CPU.Build.0 = Release|Any CPU
		{D45AEBC6-7628-4093-9613-4CB55D742857}.Debug|Any CPU.ActiveCfg = Debug|Any CPU
		{D45AEBC6-7628-4093-9613-4CB55D742857}.Debug|Any CPU.Build.0 = Debug|Any CPU
		{D45AEBC6-7628-4093-9613-4CB55D742857}.Release|Any CPU.ActiveCfg = Release|Any CPU
		{D45AEBC6-7628-4093-9613-4CB55D742857}.Release|Any CPU.Build.0 = Release|Any CPU
	EndGlobalSection
	GlobalSection(SolutionProperties) = preSolution
		HideSolutionNode = FALSE
	EndGlobalSection
	GlobalSection(ExtensibilityGlobals) = postSolution
		SolutionGuid = {CFE8D22F-A5CC-4DA0-8EDA-FCA19DEE836E}
	EndGlobalSection
EndGlobal
